<?xml version="1.0" encoding="utf-8"?>
<Project ToolsVersion="4.0" xmlns="http://schemas.microsoft.com/developer/msbuild/2003">
  <ItemGroup>
    <Filter Include="Source Files">
      <UniqueIdentifier>{4FC737F1-C7A5-4376-A066-2A32D752A2FF}</UniqueIdentifier>
      <Extensions>cpp;c;cc;cxx;def;odl;idl;hpj;bat;asm;asmx</Extensions>
    </Filter>
    <Filter Include="Header Files">
      <UniqueIdentifier>{93995380-89BD-4b04-88EB-625FBE52EBFB}</UniqueIdentifier>
      <Extensions>h;hpp;hxx;hm;inl;inc;xsd</Extensions>
    </Filter>
    <Filter Include="Header Files\SceneNodes">
      <UniqueIdentifier>{f60d995f-f9f5-4918-a0ca-23d40dfdd330}</UniqueIdentifier>
    </Filter>
    <Filter Include="Source Files\SceneNodes">
      <UniqueIdentifier>{b3325f14-ff15-4613-adb6-a92fe7a5c456}</UniqueIdentifier>
    </Filter>
    <Filter Include="Source Files\Prefabs">
      <UniqueIdentifier>{9d533864-ba84-4691-b17b-f2e726262372}</UniqueIdentifier>
    </Filter>
    <Filter Include="Header Files\Prefabs">
      <UniqueIdentifier>{aa1bfdc8-7c5a-4677-918e-7273bb9c194c}</UniqueIdentifier>
    </Filter>
  </ItemGroup>
  <ItemGroup>
    <ClCompile Include="Renderer.cpp">
      <Filter>Source Files</Filter>
    </ClCompile>
    <ClCompile Include="main.cpp">
      <Filter>Source Files</Filter>
    </ClCompile>
    <ClCompile Include="Scene.cpp">
      <Filter>Source Files</Filter>
    </ClCompile>
    <ClCompile Include="DefaultScene.cpp">
      <Filter>Source Files</Filter>
    </ClCompile>
    <ClCompile Include="CircuitBoardNode.cpp">
      <Filter>Source Files\SceneNodes</Filter>
    </ClCompile>
    <ClCompile Include="HeightMapNode.cpp">
      <Filter>Source Files\SceneNodes</Filter>
    </ClCompile>
    <ClCompile Include="NodePrefabs.cpp">
      <Filter>Source Files\Prefabs</Filter>
    </ClCompile>
    <ClCompile Include="TrackPrefabs.cpp">
      <Filter>Source Files\Prefabs</Filter>
    </ClCompile>
  </ItemGroup>
  <ItemGroup>
    <ClInclude Include="Renderer.h">
      <Filter>Header Files</Filter>
    </ClInclude>
    <ClInclude Include="Scene.h">
      <Filter>Header Files</Filter>
    </ClInclude>
    <ClInclude Include="DefaultScene.h">
      <Filter>Header Files</Filter>
    </ClInclude>
    <ClInclude Include="HeightMapNode.h">
      <Filter>Header Files\SceneNodes</Filter>
    </ClInclude>
    <ClInclude Include="CircuitBoardNode.h">
      <Filter>Header Files\SceneNodes</Filter>
    </ClInclude>
    <ClInclude Include="Track.h">
      <Filter>Header Files</Filter>
    </ClInclude>
    <ClInclude Include="NodePrefabs.h">
      <Filter>Header Files\Prefabs</Filter>
    </ClInclude>
    <ClInclude Include="TrackPrefabs.h">
      <Filter>Header Files\Prefabs</Filter>
    </ClInclude>
  </ItemGroup>
</Project>